// !$*UTF8*$!
{
	archiveVersion = 1;
	classes = {
	};
	objectVersion = 50;
	objects = {

/* Begin PBXBuildFile section */
		F427E47924ED823A00D2772C /* AppDelegate.m in Sources */ = {isa = PBXBuildFile; fileRef = F427E47824ED823A00D2772C /* AppDelegate.m */; };
		F427E47C24ED823A00D2772C /* SceneDelegate.m in Sources */ = {isa = PBXBuildFile; fileRef = F427E47B24ED823A00D2772C /* SceneDelegate.m */; };
		F427E47F24ED823A00D2772C /* ViewController.m in Sources */ = {isa = PBXBuildFile; fileRef = F427E47E24ED823A00D2772C /* ViewController.m */; };
		F427E48224ED823A00D2772C /* Main.storyboard in Resources */ = {isa = PBXBuildFile; fileRef = F427E48024ED823A00D2772C /* Main.storyboard */; };
		F427E48424ED824200D2772C /* Assets.xcassets in Resources */ = {isa = PBXBuildFile; fileRef = F427E48324ED824200D2772C /* Assets.xcassets */; };
		F427E48724ED824200D2772C /* LaunchScreen.storyboard in Resources */ = {isa = PBXBuildFile; fileRef = F427E48524ED824200D2772C /* LaunchScreen.storyboard */; };
		F427E48A24ED824200D2772C /* main.m in Sources */ = {isa = PBXBuildFile; fileRef = F427E48924ED824200D2772C /* main.m */; };
		F427E49424ED82E300D2772C /* ZZRender.m in Sources */ = {isa = PBXBuildFile; fileRef = F427E49324ED82E300D2772C /* ZZRender.m */; };
		F427E49824EEA6DA00D2772C /* ZZRender1.m in Sources */ = {isa = PBXBuildFile; fileRef = F427E49724EEA6DA00D2772C /* ZZRender1.m */; };
		F427E49A24EEA7E200D2772C /* ZZShader.metal in Sources */ = {isa = PBXBuildFile; fileRef = F427E49924EEA7E200D2772C /* ZZShader.metal */; };
		F427E4A724F536D500D2772C /* ZZRender2.m in Sources */ = {isa = PBXBuildFile; fileRef = F427E4A624F536D500D2772C /* ZZRender2.m */; };
		F427E4A924F53E1200D2772C /* ZZShader2.metal in Sources */ = {isa = PBXBuildFile; fileRef = F427E4A824F53E1200D2772C /* ZZShader2.metal */; };
		FFF41C3E24F74C8A0053AD86 /* MetalCaptureController.m in Sources */ = {isa = PBXBuildFile; fileRef = FFF41C3D24F74C8A0053AD86 /* MetalCaptureController.m */; };
		FFF41C4224F783420053AD86 /* SampleMetalVideoPlayer.m in Sources */ = {isa = PBXBuildFile; fileRef = FFF41C4124F783420053AD86 /* SampleMetalVideoPlayer.m */; };
		FFF41C4424F79AAB0053AD86 /* video.mp4 in Resources */ = {isa = PBXBuildFile; fileRef = FFF41C4324F79A5C0053AD86 /* video.mp4 */; };
		FFF41C6324FC9A100053AD86 /* SampleMetal.metal in Sources */ = {isa = PBXBuildFile; fileRef = FFF41C6224FC9A100053AD86 /* SampleMetal.metal */; };
		FFF41C6724FC9F130053AD86 /* ZZAssetReader.m in Sources */ = {isa = PBXBuildFile; fileRef = FFF41C6624FC9F130053AD86 /* ZZAssetReader.m */; };
		FFF41C6924FCD9510053AD86 /* kun2.mp4 in Resources */ = {isa = PBXBuildFile; fileRef = FFF41C6824FCD91D0053AD86 /* kun2.mp4 */; };
/* End PBXBuildFile section */

/* Begin PBXFileReference section */
		F427E47424ED823A00D2772C /* MetalCode.app */ = {isa = PBXFileReference; explicitFileType = wrapper.application; includeInIndex = 0; path = MetalCode.app; sourceTree = BUILT_PRODUCTS_DIR; };
		F427E47724ED823A00D2772C /* AppDelegate.h */ = {isa = PBXFileReference; lastKnownFileType = sourcecode.c.h; path = AppDelegate.h; sourceTree = "<group>"; };
		F427E47824ED823A00D2772C /* AppDelegate.m */ = {isa = PBXFileReference; lastKnownFileType = sourcecode.c.objc; path = AppDelegate.m; sourceTree = "<group>"; };
		F427E47A24ED823A00D2772C /* SceneDelegate.h */ = {isa = PBXFileReference; lastKnownFileType = sourcecode.c.h; path = SceneDelegate.h; sourceTree = "<group>"; };
		F427E47B24ED823A00D2772C /* SceneDelegate.m */ = {isa = PBXFileReference; lastKnownFileType = sourcecode.c.objc; path = SceneDelegate.m; sourceTree = "<group>"; };
		F427E47D24ED823A00D2772C /* ViewController.h */ = {isa = PBXFileReference; lastKnownFileType = sourcecode.c.h; path = ViewController.h; sourceTree = "<group>"; };
		F427E47E24ED823A00D2772C /* ViewController.m */ = {isa = PBXFileReference; lastKnownFileType = sourcecode.c.objc; path = ViewController.m; sourceTree = "<group>"; };
		F427E48124ED823A00D2772C /* Base */ = {isa = PBXFileReference; lastKnownFileType = file.storyboard; name = Base; path = Base.lproj/Main.storyboard; sourceTree = "<group>"; };
		F427E48324ED824200D2772C /* Assets.xcassets */ = {isa = PBXFileReference; lastKnownFileType = folder.assetcatalog; path = Assets.xcassets; sourceTree = "<group>"; };
		F427E48624ED824200D2772C /* Base */ = {isa = PBXFileReference; lastKnownFileType = file.storyboard; name = Base; path = Base.lproj/LaunchScreen.storyboard; sourceTree = "<group>"; };
		F427E48824ED824200D2772C /* Info.plist */ = {isa = PBXFileReference; lastKnownFileType = text.plist.xml; path = Info.plist; sourceTree = "<group>"; };
		F427E48924ED824200D2772C /* main.m */ = {isa = PBXFileReference; lastKnownFileType = sourcecode.c.objc; path = main.m; sourceTree = "<group>"; };
		F427E49224ED82E300D2772C /* ZZRender.h */ = {isa = PBXFileReference; lastKnownFileType = sourcecode.c.h; path = ZZRender.h; sourceTree = "<group>"; };
		F427E49324ED82E300D2772C /* ZZRender.m */ = {isa = PBXFileReference; lastKnownFileType = sourcecode.c.objc; path = ZZRender.m; sourceTree = "<group>"; };
		F427E49624EEA6DA00D2772C /* ZZRender1.h */ = {isa = PBXFileReference; lastKnownFileType = sourcecode.c.h; path = ZZRender1.h; sourceTree = "<group>"; };
		F427E49724EEA6DA00D2772C /* ZZRender1.m */ = {isa = PBXFileReference; lastKnownFileType = sourcecode.c.objc; path = ZZRender1.m; sourceTree = "<group>"; };
		F427E49924EEA7E200D2772C /* ZZShader.metal */ = {isa = PBXFileReference; lastKnownFileType = sourcecode.metal; path = ZZShader.metal; sourceTree = "<group>"; };
		F427E49B24EEAA3C00D2772C /* ZZShaderTypes.h */ = {isa = PBXFileReference; lastKnownFileType = sourcecode.c.h; path = ZZShaderTypes.h; sourceTree = "<group>"; };
		F427E4A524F536D500D2772C /* ZZRender2.h */ = {isa = PBXFileReference; lastKnownFileType = sourcecode.c.h; path = ZZRender2.h; sourceTree = "<group>"; };
		F427E4A624F536D500D2772C /* ZZRender2.m */ = {isa = PBXFileReference; lastKnownFileType = sourcecode.c.objc; path = ZZRender2.m; sourceTree = "<group>"; };
		F427E4A824F53E1200D2772C /* ZZShader2.metal */ = {isa = PBXFileReference; lastKnownFileType = sourcecode.metal; path = ZZShader2.metal; sourceTree = "<group>"; };
		FFF41C3C24F74C8A0053AD86 /* MetalCaptureController.h */ = {isa = PBXFileReference; lastKnownFileType = sourcecode.c.h; path = MetalCaptureController.h; sourceTree = "<group>"; };
		FFF41C3D24F74C8A0053AD86 /* MetalCaptureController.m */ = {isa = PBXFileReference; lastKnownFileType = sourcecode.c.objc; path = MetalCaptureController.m; sourceTree = "<group>"; };
		FFF41C4024F783420053AD86 /* SampleMetalVideoPlayer.h */ = {isa = PBXFileReference; lastKnownFileType = sourcecode.c.h; path = SampleMetalVideoPlayer.h; sourceTree = "<group>"; };
		FFF41C4124F783420053AD86 /* SampleMetalVideoPlayer.m */ = {isa = PBXFileReference; lastKnownFileType = sourcecode.c.objc; path = SampleMetalVideoPlayer.m; sourceTree = "<group>"; };
		FFF41C4324F79A5C0053AD86 /* video.mp4 */ = {isa = PBXFileReference; lastKnownFileType = file; path = video.mp4; sourceTree = "<group>"; };
		FFF41C6224FC9A100053AD86 /* SampleMetal.metal */ = {isa = PBXFileReference; lastKnownFileType = sourcecode.metal; path = SampleMetal.metal; sourceTree = "<group>"; };
		FFF41C6424FC9AE20053AD86 /* SampleMetalTypes.h */ = {isa = PBXFileReference; lastKnownFileType = sourcecode.c.h; path = SampleMetalTypes.h; sourceTree = "<group>"; };
		FFF41C6524FC9F130053AD86 /* ZZAssetReader.h */ = {isa = PBXFileReference; lastKnownFileType = sourcecode.c.h; path = ZZAssetReader.h; sourceTree = "<group>"; };
		FFF41C6624FC9F130053AD86 /* ZZAssetReader.m */ = {isa = PBXFileReference; lastKnownFileType = sourcecode.c.objc; path = ZZAssetReader.m; sourceTree = "<group>"; };
		FFF41C6824FCD91D0053AD86 /* kun2.mp4 */ = {isa = PBXFileReference; lastKnownFileType = file; path = kun2.mp4; sourceTree = "<group>"; };
/* End PBXFileReference section */

/* Begin PBXFrameworksBuildPhase section */
		F427E47124ED823A00D2772C /* Frameworks */ = {
			isa = PBXFrameworksBuildPhase;
			buildActionMask = 2147483647;
			files = (
			);
			runOnlyForDeploymentPostprocessing = 0;
		};
/* End PBXFrameworksBuildPhase section */

/* Begin PBXGroup section */
		F427E46B24ED823A00D2772C = {
			isa = PBXGroup;
			children = (
				F427E47624ED823A00D2772C /* AppleMetalUseDemos */,
				F427E47524ED823A00D2772C /* Products */,
			);
			sourceTree = "<group>";
		};
		F427E47524ED823A00D2772C /* Products */ = {
			isa = PBXGroup;
			children = (
				F427E47424ED823A00D2772C /* MetalCode.app */,
			);
			name = Products;
			sourceTree = "<group>";
		};
		F427E47624ED823A00D2772C /* AppleMetalUseDemos */ = {
			isa = PBXGroup;
			children = (
				FFF41C3F24F783250053AD86 /* SampleMetalVideoPlayer */,
				FFF41C3B24F74BF00053AD86 /* MetalCaptureController */,
				F427E4A424F536B200D2772C /* Demo22 */,
				F427E49524EEA6C200D2772C /* Demo11 */,
				F427E49024ED82CA00D2772C /* Demo00 */,
				F427E47724ED823A00D2772C /* AppDelegate.h */,
				F427E47824ED823A00D2772C /* AppDelegate.m */,
				F427E47A24ED823A00D2772C /* SceneDelegate.h */,
				F427E47B24ED823A00D2772C /* SceneDelegate.m */,
				F427E47D24ED823A00D2772C /* ViewController.h */,
				F427E47E24ED823A00D2772C /* ViewController.m */,
				F427E49B24EEAA3C00D2772C /* ZZShaderTypes.h */,
				F427E48024ED823A00D2772C /* Main.storyboard */,
				FFF41C6824FCD91D0053AD86 /* kun2.mp4 */,
				FFF41C4324F79A5C0053AD86 /* video.mp4 */,
				F427E48324ED824200D2772C /* Assets.xcassets */,
				F427E48524ED824200D2772C /* LaunchScreen.storyboard */,
				F427E48824ED824200D2772C /* Info.plist */,
				F427E48924ED824200D2772C /* main.m */,
			);
			path = AppleMetalUseDemos;
			sourceTree = "<group>";
		};
		F427E49024ED82CA00D2772C /* Demo00 */ = {
			isa = PBXGroup;
			children = (
				F427E49124ED82D400D2772C /* Render */,
			);
			path = Demo00;
			sourceTree = "<group>";
		};
		F427E49124ED82D400D2772C /* Render */ = {
			isa = PBXGroup;
			children = (
				F427E49224ED82E300D2772C /* ZZRender.h */,
				F427E49324ED82E300D2772C /* ZZRender.m */,
			);
			path = Render;
			sourceTree = "<group>";
		};
		F427E49524EEA6C200D2772C /* Demo11 */ = {
			isa = PBXGroup;
			children = (
				F427E49924EEA7E200D2772C /* ZZShader.metal */,
				F427E49624EEA6DA00D2772C /* ZZRender1.h */,
				F427E49724EEA6DA00D2772C /* ZZRender1.m */,
			);
			path = Demo11;
			sourceTree = "<group>";
		};
		F427E4A424F536B200D2772C /* Demo22 */ = {
			isa = PBXGroup;
			children = (
				F427E4A524F536D500D2772C /* ZZRender2.h */,
				F427E4A624F536D500D2772C /* ZZRender2.m */,
				F427E4A824F53E1200D2772C /* ZZShader2.metal */,
			);
			path = Demo22;
			sourceTree = "<group>";
		};
		FFF41C3B24F74BF00053AD86 /* MetalCaptureController */ = {
			isa = PBXGroup;
			children = (
				FFF41C3C24F74C8A0053AD86 /* MetalCaptureController.h */,
				FFF41C3D24F74C8A0053AD86 /* MetalCaptureController.m */,
			);
			path = MetalCaptureController;
			sourceTree = "<group>";
		};
		FFF41C3F24F783250053AD86 /* SampleMetalVideoPlayer */ = {
			isa = PBXGroup;
			children = (
				FFF41C4024F783420053AD86 /* SampleMetalVideoPlayer.h */,
				FFF41C4124F783420053AD86 /* SampleMetalVideoPlayer.m */,
				FFF41C6224FC9A100053AD86 /* SampleMetal.metal */,
				FFF41C6424FC9AE20053AD86 /* SampleMetalTypes.h */,
				FFF41C6524FC9F130053AD86 /* ZZAssetReader.h */,
				FFF41C6624FC9F130053AD86 /* ZZAssetReader.m */,
			);
			path = SampleMetalVideoPlayer;
			sourceTree = "<group>";
		};
/* End PBXGroup section */

/* Begin PBXNativeTarget section */
		F427E47324ED823A00D2772C /* AppleMetalUseDemos */ = {
			isa = PBXNativeTarget;
			buildConfigurationList = F427E48D24ED824200D2772C /* Build configuration list for PBXNativeTarget "AppleMetalUseDemos" */;
			buildPhases = (
				F427E47024ED823A00D2772C /* Sources */,
				F427E47124ED823A00D2772C /* Frameworks */,
				F427E47224ED823A00D2772C /* Resources */,
			);
			buildRules = (
			);
			dependencies = (
			);
			name = AppleMetalUseDemos;
			productName = AppleMetalUseDemos;
			productReference = F427E47424ED823A00D2772C /* MetalCode.app */;
			productType = "com.apple.product-type.application";
		};
/* End PBXNativeTarget section */

/* Begin PBXProject section */
		F427E46C24ED823A00D2772C /* Project object */ = {
			isa = PBXProject;
			attributes = {
				LastUpgradeCheck = 1130;
				ORGANIZATIONNAME = zezefamily;
				TargetAttributes = {
					F427E47324ED823A00D2772C = {
						CreatedOnToolsVersion = 11.3.1;
					};
				};
			};
			buildConfigurationList = F427E46F24ED823A00D2772C /* Build configuration list for PBXProject "AppleMetalUseDemos" */;
			compatibilityVersion = "Xcode 9.3";
			developmentRegion = en;
			hasScannedForEncodings = 0;
			knownRegions = (
				en,
				Base,
			);
			mainGroup = F427E46B24ED823A00D2772C;
			productRefGroup = F427E47524ED823A00D2772C /* Products */;
			projectDirPath = "";
			projectRoot = "";
			targets = (
				F427E47324ED823A00D2772C /* AppleMetalUseDemos */,
			);
		};
/* End PBXProject section */

/* Begin PBXResourcesBuildPhase section */
		F427E47224ED823A00D2772C /* Resources */ = {
			isa = PBXResourcesBuildPhase;
			buildActionMask = 2147483647;
			files = (
				FFF41C6924FCD9510053AD86 /* kun2.mp4 in Resources */,
				FFF41C4424F79AAB0053AD86 /* video.mp4 in Resources */,
				F427E48724ED824200D2772C /* LaunchScreen.storyboard in Resources */,
				F427E48424ED824200D2772C /* Assets.xcassets in Resources */,
				F427E48224ED823A00D2772C /* Main.storyboard in Resources */,
			);
			runOnlyForDeploymentPostprocessing = 0;
		};
/* End PBXResourcesBuildPhase section */

/* Begin PBXSourcesBuildPhase section */
		F427E47024ED823A00D2772C /* Sources */ = {
			isa = PBXSourcesBuildPhase;
			buildActionMask = 2147483647;
			files = (
				F427E47F24ED823A00D2772C /* ViewController.m in Sources */,
				F427E49824EEA6DA00D2772C /* ZZRender1.m in Sources */,
				F427E47924ED823A00D2772C /* AppDelegate.m in Sources */,
				F427E4A924F53E1200D2772C /* ZZShader2.metal in Sources */,
				F427E49424ED82E300D2772C /* ZZRender.m in Sources */,
				FFF41C4224F783420053AD86 /* SampleMetalVideoPlayer.m in Sources */,
				F427E4A724F536D500D2772C /* ZZRender2.m in Sources */,
				FFF41C6324FC9A100053AD86 /* SampleMetal.metal in Sources */,
				FFF41C6724FC9F130053AD86 /* ZZAssetReader.m in Sources */,
				F427E48A24ED824200D2772C /* main.m in Sources */,
				F427E47C24ED823A00D2772C /* SceneDelegate.m in Sources */,
				FFF41C3E24F74C8A0053AD86 /* MetalCaptureController.m in Sources */,
				F427E49A24EEA7E200D2772C /* ZZShader.metal in Sources */,
			);
			runOnlyForDeploymentPostprocessing = 0;
		};
/* End PBXSourcesBuildPhase section */

/* Begin PBXVariantGroup section */
		F427E48024ED823A00D2772C /* Main.storyboard */ = {
			isa = PBXVariantGroup;
			children = (
				F427E48124ED823A00D2772C /* Base */,
			);
			name = Main.storyboard;
			sourceTree = "<group>";
		};
		F427E48524ED824200D2772C /* LaunchScreen.storyboard */ = {
			isa = PBXVariantGroup;
			children = (
				F427E48624ED824200D2772C /* Base */,
			);
			name = LaunchScreen.storyboard;
			sourceTree = "<group>";
		};
/* End PBXVariantGroup section */

/* Begin XCBuildConfiguration section */
		F427E48B24ED824200D2772C /* Debug */ = {
			isa = XCBuildConfiguration;
			buildSettings = {
				ALWAYS_SEARCH_USER_PATHS = NO;
				CLANG_ANALYZER_NONNULL = YES;
				CLANG_ANALYZER_NUMBER_OBJECT_CONVERSION = YES_AGGRESSIVE;
				CLANG_CXX_LANGUAGE_STANDARD = "gnu++14";
				CLANG_CXX_LIBRARY = "libc++";
				CLANG_ENABLE_MODULES = YES;
				CLANG_ENABLE_OBJC_ARC = YES;
				CLANG_ENABLE_OBJC_WEAK = YES;
				CLANG_WARN_BLOCK_CAPTURE_AUTORELEASING = YES;
				CLANG_WARN_BOOL_CONVERSION = YES;
				CLANG_WARN_COMMA = YES;
				CLANG_WARN_CONSTANT_CONVERSION = YES;
				CLANG_WARN_DEPRECATED_OBJC_IMPLEMENTATIONS = YES;
				CLANG_WARN_DIRECT_OBJC_ISA_USAGE = YES_ERROR;
				CLANG_WARN_DOCUMENTATION_COMMENTS = YES;
				CLANG_WARN_EMPTY_BODY = YES;
				CLANG_WARN_ENUM_CONVERSION = YES;
				CLANG_WARN_INFINITE_RECURSION = YES;
				CLANG_WARN_INT_CONVERSION = YES;
				CLANG_WARN_NON_LITERAL_NULL_CONVERSION = YES;
				CLANG_WARN_OBJC_IMPLICIT_RETAIN_SELF = YES;
				CLANG_WARN_OBJC_LITERAL_CONVERSION = YES;
				CLANG_WARN_OBJC_ROOT_CLASS = YES_ERROR;
				CLANG_WARN_RANGE_LOOP_ANALYSIS = YES;
				CLANG_WARN_STRICT_PROTOTYPES = YES;
				CLANG_WARN_SUSPICIOUS_MOVE = YES;
				CLANG_WARN_UNGUARDED_AVAILABILITY = YES_AGGRESSIVE;
				CLANG_WARN_UNREACHABLE_CODE = YES;
				CLANG_WARN__DUPLICATE_METHOD_MATCH = YES;
				COPY_PHASE_STRIP = NO;
				DEBUG_INFORMATION_FORMAT = dwarf;
				ENABLE_STRICT_OBJC_MSGSEND = YES;
				ENABLE_TESTABILITY = YES;
				GCC_C_LANGUAGE_STANDARD = gnu11;
				GCC_DYNAMIC_NO_PIC = NO;
				GCC_NO_COMMON_BLOCKS = YES;
				GCC_OPTIMIZATION_LEVEL = 0;
				GCC_PREPROCESSOR_DEFINITIONS = (
					"DEBUG=1",
					"$(inherited)",
				);
				GCC_WARN_64_TO_32_BIT_CONVERSION = YES;
				GCC_WARN_ABOUT_RETURN_TYPE = YES_ERROR;
				GCC_WARN_UNDECLARED_SELECTOR = YES;
				GCC_WARN_UNINITIALIZED_AUTOS = YES_AGGRESSIVE;
				GCC_WARN_UNUSED_FUNCTION = YES;
				GCC_WARN_UNUSED_VARIABLE = YES;
				IPHONEOS_DEPLOYMENT_TARGET = 13.2;
				MTL_ENABLE_DEBUG_INFO = INCLUDE_SOURCE;
				MTL_FAST_MATH = YES;
				ONLY_ACTIVE_ARCH = YES;
				SDKROOT = iphoneos;
			};
			name = Debug;
		};
		F427E48C24ED824200D2772C /* Release */ = {
			isa = XCBuildConfiguration;
			buildSettings = {
				ALWAYS_SEARCH_USER_PATHS = NO;
				CLANG_ANALYZER_NONNULL = YES;
				CLANG_ANALYZER_NUMBER_OBJECT_CONVERSION = YES_AGGRESSIVE;
				CLANG_CXX_LANGUAGE_STANDARD = "gnu++14";
				CLANG_CXX_LIBRARY = "libc++";
				CLANG_ENABLE_MODULES = YES;
				CLANG_ENABLE_OBJC_ARC = YES;
				CLANG_ENABLE_OBJC_WEAK = YES;
				CLANG_WARN_BLOCK_CAPTURE_AUTORELEASING = YES;
				CLANG_WARN_BOOL_CONVERSION = YES;
				CLANG_WARN_COMMA = YES;
				CLANG_WARN_CONSTANT_CONVERSION = YES;
				CLANG_WARN_DEPRECATED_OBJC_IMPLEMENTATIONS = YES;
				CLANG_WARN_DIRECT_OBJC_ISA_USAGE = YES_ERROR;
				CLANG_WARN_DOCUMENTATION_COMMENTS = YES;
				CLANG_WARN_EMPTY_BODY = YES;
				CLANG_WARN_ENUM_CONVERSION = YES;
				CLANG_WARN_INFINITE_RECURSION = YES;
				CLANG_WARN_INT_CONVERSION = YES;
				CLANG_WARN_NON_LITERAL_NULL_CONVERSION = YES;
				CLANG_WARN_OBJC_IMPLICIT_RETAIN_SELF = YES;
				CLANG_WARN_OBJC_LITERAL_CONVERSION = YES;
				CLANG_WARN_OBJC_ROOT_CLASS = YES_ERROR;
				CLANG_WARN_RANGE_LOOP_ANALYSIS = YES;
				CLANG_WARN_STRICT_PROTOTYPES = YES;
				CLANG_WARN_SUSPICIOUS_MOVE = YES;
				CLANG_WARN_UNGUARDED_AVAILABILITY = YES_AGGRESSIVE;
				CLANG_WARN_UNREACHABLE_CODE = YES;
				CLANG_WARN__DUPLICATE_METHOD_MATCH = YES;
				COPY_PHASE_STRIP = NO;
				DEBUG_INFORMATION_FORMAT = "dwarf-with-dsym";
				ENABLE_NS_ASSERTIONS = NO;
				ENABLE_STRICT_OBJC_MSGSEND = YES;
				GCC_C_LANGUAGE_STANDARD = gnu11;
				GCC_NO_COMMON_BLOCKS = YES;
				GCC_WARN_64_TO_32_BIT_CONVERSION = YES;
				GCC_WARN_ABOUT_RETURN_TYPE = YES_ERROR;
				GCC_WARN_UNDECLARED_SELECTOR = YES;
				GCC_WARN_UNINITIALIZED_AUTOS = YES_AGGRESSIVE;
				GCC_WARN_UNUSED_FUNCTION = YES;
				GCC_WARN_UNUSED_VARIABLE = YES;
				IPHONEOS_DEPLOYMENT_TARGET = 13.2;
				MTL_ENABLE_DEBUG_INFO = NO;
				MTL_FAST_MATH = YES;
				SDKROOT = iphoneos;
				VALIDATE_PRODUCT = YES;
			};
			name = Release;
		};
		F427E48E24ED824200D2772C /* Debug */ = {
			isa = XCBuildConfiguration;
			buildSettings = {
				ASSETCATALOG_COMPILER_APPICON_NAME = AppIcon;
				CODE_SIGN_STYLE = Automatic;
				DEVELOPMENT_TEAM = BKB2W89RHK;
				INFOPLIST_FILE = AppleMetalUseDemos/Info.plist;
				IPHONEOS_DEPLOYMENT_TARGET = 9.3;
				LD_RUNPATH_SEARCH_PATHS = (
					"$(inherited)",
					"@executable_path/Frameworks",
				);
				PRODUCT_BUNDLE_IDENTIFIER = com.ios.AppleMetalUseDemos;
				PRODUCT_NAME = MetalCode;
				TARGETED_DEVICE_FAMILY = "1,2";
			};
			name = Debug;
		};
		F427E48F24ED824200D2772C /* Release */ = {
			isa = XCBuildConfiguration;
			buildSettings = {
				ASSETCATALOG_COMPILER_APPICON_NAME = AppIcon;
				CODE_SIGN_STYLE = Automatic;
				DEVELOPMENT_TEAM = BKB2W89RHK;
				INFOPLIST_FILE = AppleMetalUseDemos/Info.plist;
				IPHONEOS_DEPLOYMENT_TARGET = 9.3;
				LD_RUNPATH_SEARCH_PATHS = (
					"$(inherited)",
					"@executable_path/Frameworks",
				);
				PRODUCT_BUNDLE_IDENTIFIER = com.ios.AppleMetalUseDemos;
				PRODUCT_NAME = MetalCode;
				TARGETED_DEVICE_FAMILY = "1,2";
			};
			name = Release;
		};
/* End XCBuildConfiguration section */

/* Begin XCConfigurationList section */
		F427E46F24ED823A00D2772C /* Build configuration list for PBXProject "AppleMetalUseDemos" */ = {
			isa = XCConfigurationList;
			buildConfigurations = (
				F427E48B24ED824200D2772C /* Debug */,
				F427E48C24ED824200D2772C /* Release */,
			);
			defaultConfigurationIsVisible = 0;
			defaultConfigurationName = Release;
		};
		F427E48D24ED824200D2772C /* Build configuration list for PBXNativeTarget "AppleMetalUseDemos" */ = {
			isa = XCConfigurationList;
			buildConfigurations = (
				F427E48E24ED824200D2772C /* Debug */,
				F427E48F24ED824200D2772C /* Release */,
			);
			defaultConfigurationIsVisible = 0;
			defaultConfigurationName = Release;
		};
/* End XCConfigurationList section */
	};
	rootObject = F427E46C24ED823A00D2772C /* Project object */;
}
